{
  "name": "test",
  "version": "1.0.0",
  "lockfileVersion": 2,
  "requires": true,
  "packages": {
    "": {
      "name": "test",
      "version": "1.0.0",
      "license": "ISC",
      "dependencies": {
        "@svgdotjs/svg.draggable.js": "^3.0.3",
        "@svgdotjs/svg.js": "^3.2.0"
      }
    },
    "node_modules/@svgdotjs/svg.draggable.js": {
      "version": "3.0.3",
      "resolved": "https://registry.npmmirror.com/@svgdotjs/svg.draggable.js/-/svg.draggable.js-3.0.3.tgz",
      "integrity": "sha512-gvktGsIe/hhU3hX7VJaB8maOV3dKLwQHtjUJN+B/4EahPBI8QWPLt3uuCUeP7sRujaOtrckZxLFhZUeQ5nK4Qw==",
      "dependencies": {
        "@svgdotjs/svg.js": "^3.0.16"
      },
      "engines": {
        "node": ">= 0.8.0"
      }
    },
    "node_modules/@svgdotjs/svg.js": {
      "version": "3.2.0",
      "resolved": "https://registry.npmmirror.com/@svgdotjs/svg.js/-/svg.js-3.2.0.tgz",
      "integrity": "sha512-Tr8p+QVP7y+QT1GBlq1Tt57IvedVH8zCPoYxdHLX0Oof3a/PqnC/tXAkVufv1JQJfsDHlH/UrjcDfgxSofqSNA=="
    }
  },
  "dependencies": {
    "@svgdotjs/svg.draggable.js": {
      "version": "3.0.3",
      "resolved": "https://registry.npmmirror.com/@svgdotjs/svg.draggable.js/-/svg.draggable.js-3.0.3.tgz",
      "integrity": "sha512-gvktGsIe/hhU3hX7VJaB8maOV3dKLwQHtjUJN+B/4EahPBI8QWPLt3uuCUeP7sRujaOtrckZxLFhZUeQ5nK4Qw==",
      "requires": {
        "@svgdotjs/svg.js": "^3.0.16"
      }
    },
    "@svgdotjs/svg.js": {
      "version": "3.2.0",
      "resolved": "https://registry.npmmirror.com/@svgdotjs/svg.js/-/svg.js-3.2.0.tgz",
      "integrity": "sha512-Tr8p+QVP7y+QT1GBlq1Tt57IvedVH8zCPoYxdHLX0Oof3a/PqnC/tXAkVufv1JQJfsDHlH/UrjcDfgxSofqSNA=="
    }
  }
}
